{
  "requires": true,
  "lockfileVersion": 1,
  "dependencies": {
    "single-spa": {
      "version": "5.9.3",
      "resolved": "https://registry.npmjs.org/single-spa/-/single-spa-5.9.3.tgz",
      "integrity": "sha512-qMGraRzIBsodV6569Fob4cQ4/yQNrcZ5Achh3SAQDljmqUtjAZ7BAA7GAyO/l5eizb7GtTmVq9Di7ORyKw82CQ=="
    }
  }
}
